
Microsoft Visual Studio Solution File, Format Version 12.00
# Visual Studio Version 17
VisualStudioVersion = 17.3.32929.385
MinimumVisualStudioVersion = 10.0.40219.1
Project("{9A19103F-16F7-4668-BE54-9A1E7A4F7556}") = "Matar.API", "Matar\Matar.API.csproj", "{36D01A8D-C369-408E-B416-4F38F621D6A7}"
	ProjectSection(ProjectDependencies) = postProject
		{1FD739E9-87CE-4531-A2F4-00EF9DE95CFB} = {1FD739E9-87CE-4531-A2F4-00EF9DE95CFB}
	EndProjectSection
EndProject
Project("{9A19103F-16F7-4668-BE54-9A1E7A4F7556}") = "Matar.Data", "Mata.Data\Matar.Data.csproj", "{89D58F2C-8BC9-4F1A-95B2-058C4E73D570}"
EndProject
Project("{9A19103F-16F7-4668-BE54-9A1E7A4F7556}") = "Matar.Services", "Matar.Services\Matar.Services.csproj", "{1FD739E9-87CE-4531-A2F4-00EF9DE95CFB}"
	ProjectSection(ProjectDependencies) = postProject
		{89D58F2C-8BC9-4F1A-95B2-058C4E73D570} = {89D58F2C-8BC9-4F1A-95B2-058C4E73D570}
	EndProjectSection
EndProject
Global
	GlobalSection(SolutionConfigurationPlatforms) = preSolution
		Debug|Any CPU = Debug|Any CPU
		Release|Any CPU = Release|Any CPU
	EndGlobalSection
	GlobalSection(ProjectConfigurationPlatforms) = postSolution
		{36D01A8D-C369-408E-B416-4F38F621D6A7}.Debug|Any CPU.ActiveCfg = Debug|Any CPU
		{36D01A8D-C369-408E-B416-4F38F621D6A7}.Debug|Any CPU.Build.0 = Debug|Any CPU
		{36D01A8D-C369-408E-B416-4F38F621D6A7}.Release|Any CPU.ActiveCfg = Release|Any CPU
		{36D01A8D-C369-408E-B416-4F38F621D6A7}.Release|Any CPU.Build.0 = Release|Any CPU
		{89D58F2C-8BC9-4F1A-95B2-058C4E73D570}.Debug|Any CPU.ActiveCfg = Debug|Any CPU
		{89D58F2C-8BC9-4F1A-95B2-058C4E73D570}.Debug|Any CPU.Build.0 = Debug|Any CPU
		{89D58F2C-8BC9-4F1A-95B2-058C4E73D570}.Release|Any CPU.ActiveCfg = Release|Any CPU
		{89D58F2C-8BC9-4F1A-95B2-058C4E73D570}.Release|Any CPU.Build.0 = Release|Any CPU
		{1FD739E9-87CE-4531-A2F4-00EF9DE95CFB}.Debug|Any CPU.ActiveCfg = Debug|Any CPU
		{1FD739E9-87CE-4531-A2F4-00EF9DE95CFB}.Debug|Any CPU.Build.0 = Debug|Any CPU
		{1FD739E9-87CE-4531-A2F4-00EF9DE95CFB}.Release|Any CPU.ActiveCfg = Release|Any CPU
		{1FD739E9-87CE-4531-A2F4-00EF9DE95CFB}.Release|Any CPU.Build.0 = Release|Any CPU
	EndGlobalSection
	GlobalSection(SolutionProperties) = preSolution
		HideSolutionNode = FALSE
	EndGlobalSection
	GlobalSection(ExtensibilityGlobals) = postSolution
		SolutionGuid = {3EC57BF8-65C4-4228-89AA-A105FFF624BC}
	EndGlobalSection
EndGlobal
